Microsoft Visual Studio Solution File, Format Version 11.00
# Visual Studio 2008

Project("{3AC156EE-AD4A-E6B4-0E9C-498D532B4448}") = "parking", "Assembly-CSharp-vs.csproj", "{88BBAB30-E478-DB25-1427-E225A3F1F80C}"
EndProject
Global
	GlobalSection(SolutionConfigurationPlatforms) = preSolution
		Debug|Any CPU = Debug|Any CPU
		Release|Any CPU = Release|Any CPU
	EndGlobalSection
	GlobalSection(ProjectConfigurationPlatforms) = postSolution
		{88BBAB30-E478-DB25-1427-E225A3F1F80C}.Debug|Any CPU.ActiveCfg = Debug|Any CPU
		{88BBAB30-E478-DB25-1427-E225A3F1F80C}.Debug|Any CPU.Build.0 = Debug|Any CPU
		{88BBAB30-E478-DB25-1427-E225A3F1F80C}.Release|Any CPU.ActiveCfg = Release|Any CPU
		{88BBAB30-E478-DB25-1427-E225A3F1F80C}.Release|Any CPU.Build.0 = Release|Any CPU
	EndGlobalSection
	GlobalSection(SolutionProperties) = preSolution
		HideSolutionNode = FALSE
	EndGlobalSection
																																																							GlobalSection(MonoDevelopProperties) = preSolution
=======
																																																												GlobalSection(MonoDevelopProperties) = preSolution
>>>>>>> 6c3924fb800a8f3697832f0348ddd908f66a8f94
=======
<<<<<<< HEAD
<<<<<<< HEAD
																																															GlobalSection(MonoDevelopProperties) = preSolution
>>>>>>> 6ee982fd0e0b98b31c32f5a7614119883162a3ff
=======
<<<<<<< HEAD
																																																			GlobalSection(MonoDevelopProperties) = preSolution
=======
																																																				GlobalSection(MonoDevelopProperties) = preSolution
>>>>>>> ui_modify
=======
<<<<<<< HEAD
																																											GlobalSection(MonoDevelopProperties) = preSolution
>>>>>>> 840d36cb83895cfc538a279ffc9f2a8d273957cf
=======
																																																		GlobalSection(MonoDevelopProperties) = preSolution
>>>>>>> 7aaba1d92f8dc6592604f65d2bdaea43f19bd915
>>>>>>> 8c351b9cbd83fd0ca989338636856756404c7cc2
=======
																										GlobalSection(MonoDevelopProperties) = preSolution
>>>>>>> 7502cd2376804e368a8c9749945bf1d398895840
		StartupItem = Assembly-CSharp.csproj
		Policies = $0
		$0.TextStylePolicy = $1
		$1.inheritsSet = null
		$1.scope = text/x-csharp
		$0.CSharpFormattingPolicy = $2
		$2.inheritsSet = Mono
		$2.inheritsScope = text/x-csharp
		$2.scope = text/x-csharp
		$0.TextStylePolicy = $3
		$3.FileWidth = 120
		$3.TabWidth = 4
		$3.IndentWidth = 4
		$3.EolMarker = Unix
		$3.inheritsSet = Mono
		$3.inheritsScope = text/plain
		$3.scope = text/plain
	EndGlobalSection

EndGlobal
